{
  "name": "myvcwebpage",
  "version": "1.0.0",
  "lockfileVersion": 3,
  "requires": true,
  "packages": {
    "": {
      "name": "myvcwebpage",
      "version": "1.0.0",
      "license": "ISC",
      "dependencies": {
        "@creativebulma/bulma-collapsible": "^1.0.4",
        "bulma": "^1.0.1",
        "bulma-carousel": "^4.0.24"
      }
    },
    "node_modules/bulma": {
      "version": "1.0.1",
      "resolved": "https://registry.npmjs.org/bulma/-/bulma-1.0.1.tgz",
      "integrity": "sha512-+xv/BIAEQakHkR0QVz+s+RjNqfC53Mx9ZYexyaFNFo9wx5i76HXArNdwW7bccyJxa5mgV/T5DcVGqsAB19nBJQ=="
    },
    "node_modules/bulma-carousel": {
      "version": "4.0.24",
      "resolved": "https://registry.npmjs.org/bulma-carousel/-/bulma-carousel-4.0.24.tgz",
      "integrity": "sha512-DLYKmf/iHH8yAQSo8+O/cQvSVSAo15f+XmbiQvAvu5hUJs5O8I40RbZqrF9OougNs4n4JMokPEIBUiDGAsFuRA=="
    }
  }
}
